{
  "name": "test-devkit",
  "version": "1.0.0",
  "lockfileVersion": 1,
  "requires": true,
  "dependencies": {
    "@farris/devkit": {
      "version": "0.0.12-20190812100900-dev",
      "resolved": "https://registry.npmjs.org/@farris/devkit/-/devkit-0.0.12-20190812100900-dev.tgz",
      "integrity": "sha512-vuonPZVNh5TGBl10e2+4msdfjse37xNKutSyhFgOE6bVzEqSLwRV4ZMSm3jb3CB1j18/iJUJHzNrXfoSU+kIdA==",
      "requires": {
        "tslib": "^1.9.0"
      }
    },
    "tslib": {
      "version": "1.10.0",
      "resolved": "https://registry.npmjs.org/tslib/-/tslib-1.10.0.tgz",
      "integrity": "sha512-qOebF53frne81cf0S9B41ByenJ3/IuH8yJKngAX35CmiZySA0khhkovshKK+jGCaMnVomla7gVlIcc3EvKPbTQ=="
    }
  }
}
